{
    "_readme": [
        "This file locks the dependencies of your project to a known state",
        "Read more about it at https://getcomposer.org/doc/01-basic-usage.md#composer-lock-the-lock-file",
        "This file is @generated automatically"
    ],
    "hash": "97ea1106a0cba590e30abf3604fe9197",
    "packages": [
        {
            "name": "symfony/config",
            "version": "v3.3.4",
            "source": {
                "type": "git",
                "url": "https://github.com/symfony/config.git",
                "reference": "a094618deb9a3fe1c3cf500a796e167d0495a274"
            },
            "dist": {
                "type": "zip",
                "url": "https://api.github.com/repos/symfony/config/zipball/a094618deb9a3fe1c3cf500a796e167d0495a274",
                "reference": "a094618deb9a3fe1c3cf500a796e167d0495a274",
                "shasum": ""
            },
            "require": {
                "php": ">=5.5.9",
                "symfony/filesystem": "~2.8|~3.0"
            },
            "conflict": {
                "symfony/dependency-injection": "<3.3",
                "symfony/finder": "<3.3"
            },
            "require-dev": {
                "symfony/dependency-injection": "~3.3",
                "symfony/finder": "~3.3",
                "symfony/yaml": "~3.0"
            },
            "suggest": {
                "symfony/yaml": "To use the yaml reference dumper"
            },
            "type": "library",
            "extra": {
                "branch-alias": {
                    "dev-master": "3.3-dev"
                }
            },
            "autoload": {
                "psr-4": {
                    "Symfony\\Component\\Config\\": ""
                },
                "exclude-from-classmap": [
                    "/Tests/"
                ]
            },
            "notification-url": "https://packagist.org/downloads/",
            "license": [
                "MIT"
            ],
            "authors": [
                {
                    "name": "Fabien Potencier",
                    "email": "fabien@symfony.com"
                },
                {
                    "name": "Symfony Community",
                    "homepage": "https://symfony.com/contributors"
                }
            ],
            "description": "Symfony Config Component",
            "homepage": "https://symfony.com",
            "time": "2017-06-16 12:40:34"
        },
        {
            "name": "symfony/filesystem",
            "version": "v3.3.4",
            "source": {
                "type": "git",
                "url": "https://github.com/symfony/filesystem.git",
                "reference": "311fa718389efbd8b627c272b9324a62437018cc"
            },
            "dist": {
                "type": "zip",
                "url": "https://api.github.com/repos/symfony/filesystem/zipball/311fa718389efbd8b627c272b9324a62437018cc",
                "reference": "311fa718389efbd8b627c272b9324a62437018cc",
                "shasum": ""
            },
            "require": {
                "php": ">=5.5.9"
            },
            "type": "library",
            "extra": {
                "branch-alias": {
                    "dev-master": "3.3-dev"
                }
            },
            "autoload": {
                "psr-4": {
                    "Symfony\\Component\\Filesystem\\": ""
                },
                "exclude-from-classmap": [
                    "/Tests/"
                ]
            },
            "notification-url": "https://packagist.org/downloads/",
            "license": [
                "MIT"
            ],
            "authors": [
                {
                    "name": "Fabien Potencier",
                    "email": "fabien@symfony.com"
                },
                {
                    "name": "Symfony Community",
                    "homepage": "https://symfony.com/contributors"
                }
            ],
            "description": "Symfony Filesystem Component",
            "homepage": "https://symfony.com",
            "time": "2017-06-24 09:29:48"
        },
        {
            "name": "symfony/yaml",
            "version": "v3.3.4",
            "source": {
                "type": "git",
                "url": "https://github.com/symfony/yaml.git",
                "reference": "1f93a8d19b8241617f5074a123e282575b821df8"
            },
            "dist": {
                "type": "zip",
                "url": "https://api.github.com/repos/symfony/yaml/zipball/1f93a8d19b8241617f5074a123e282575b821df8",
                "reference": "1f93a8d19b8241617f5074a123e282575b821df8",
                "shasum": ""
            },
            "require": {
                "php": ">=5.5.9"
            },
            "require-dev": {
                "symfony/console": "~2.8|~3.0"
            },
            "suggest": {
                "symfony/console": "For validating YAML files using the lint command"
            },
            "type": "library",
            "extra": {
                "branch-alias": {
                    "dev-master": "3.3-dev"
                }
            },
            "autoload": {
                "psr-4": {
                    "Symfony\\Component\\Yaml\\": ""
                },
                "exclude-from-classmap": [
                    "/Tests/"
                ]
            },
            "notification-url": "https://packagist.org/downloads/",
            "license": [
                "MIT"
            ],
            "authors": [
                {
                    "name": "Fabien Potencier",
                    "email": "fabien@symfony.com"
                },
                {
                    "name": "Symfony Community",
                    "homepage": "https://symfony.com/contributors"
                }
            ],
            "description": "Symfony Yaml Component",
            "homepage": "https://symfony.com",
            "time": "2017-06-15 12:58:50"
        }
    ],
    "packages-dev": [
        {
            "name": "kwn/php-rdkafka-stubs",
            "version": "1.0.2",
            "source": {
                "type": "git",
                "url": "https://github.com/kwn/php-rdkafka-stubs.git",
                "reference": "c35103160ea21cc0e6861fbee4124a8108367213"
            },
            "dist": {
                "type": "zip",
                "url": "https://api.github.com/repos/kwn/php-rdkafka-stubs/zipball/c35103160ea21cc0e6861fbee4124a8108367213",
                "reference": "c35103160ea21cc0e6861fbee4124a8108367213",
                "shasum": ""
            },
            "require": {
                "ext-rdkafka": "*"
            },
            "require-dev": {
                "phpunit/phpunit": "^4.8"
            },
            "type": "library",
            "notification-url": "https://packagist.org/downloads/",
            "license": [
                "MIT"
            ],
            "authors": [
                {
                    "name": "Karol Wnuk",
                    "email": "k.wnuk@ascetic.pl"
                }
            ],
            "description": "Rdkafka extension stubs for your IDE",
            "time": "2017-03-26 10:14:53"
        }
    ],
    "aliases": [],
    "minimum-stability": "stable",
    "stability-flags": [],
    "prefer-stable": false,
    "prefer-lowest": false,
    "platform": [],
    "platform-dev": []
}
